// !$*UTF8*$!
{
	archiveVersion = 1;
	classes = {
	};
	objectVersion = 46;
	objects = {

/* Begin PBXBuildFile section */
		02F63B791F8E3B1E00E40B73 /* AppDelegate.swift in Sources */ = {isa = PBXBuildFile; fileRef = 02F63B781F8E3B1E00E40B73 /* AppDelegate.swift */; };
		02F63B7B1F8E3B1E00E40B73 /* ViewController.swift in Sources */ = {isa = PBXBuildFile; fileRef = 02F63B7A1F8E3B1E00E40B73 /* ViewController.swift */; };
		02F63B7E1F8E3B1E00E40B73 /* Main.storyboard in Resources */ = {isa = PBXBuildFile; fileRef = 02F63B7C1F8E3B1E00E40B73 /* Main.storyboard */; };
		02F63B801F8E3B1E00E40B73 /* Assets.xcassets in Resources */ = {isa = PBXBuildFile; fileRef = 02F63B7F1F8E3B1E00E40B73 /* Assets.xcassets */; };
		02F63B831F8E3B1E00E40B73 /* LaunchScreen.storyboard in Resources */ = {isa = PBXBuildFile; fileRef = 02F63B811F8E3B1E00E40B73 /* LaunchScreen.storyboard */; };
		02F63B8E1F8E3B1E00E40B73 /* LearningTests.swift in Sources */ = {isa = PBXBuildFile; fileRef = 02F63B8D1F8E3B1E00E40B73 /* LearningTests.swift */; };
		02F63B991F8E3B1E00E40B73 /* LearningUITests.swift in Sources */ = {isa = PBXBuildFile; fileRef = 02F63B981F8E3B1E00E40B73 /* LearningUITests.swift */; };
/* End PBXBuildFile section */

/* Begin PBXContainerItemProxy section */
		02F63B8A1F8E3B1E00E40B73 /* PBXContainerItemProxy */ = {
			isa = PBXContainerItemProxy;
			containerPortal = 02F63B6D1F8E3B1E00E40B73 /* Project object */;
			proxyType = 1;
			remoteGlobalIDString = 02F63B741F8E3B1E00E40B73;
			remoteInfo = Learning;
		};
		02F63B951F8E3B1E00E40B73 /* PBXContainerItemProxy */ = {
			isa = PBXContainerItemProxy;
			containerPortal = 02F63B6D1F8E3B1E00E40B73 /* Project object */;
			proxyType = 1;
			remoteGlobalIDString = 02F63B741F8E3B1E00E40B73;
			remoteInfo = Learning;
		};
/* End PBXContainerItemProxy section */

/* Begin PBXFileReference section */
		02F63B751F8E3B1E00E40B73 /* Learning.app */ = {isa = PBXFileReference; explicitFileType = wrapper.application; includeInIndex = 0; path = Learning.app; sourceTree = BUILT_PRODUCTS_DIR; };
		02F63B781F8E3B1E00E40B73 /* AppDelegate.swift */ = {isa = PBXFileReference; lastKnownFileType = sourcecode.swift; path = AppDelegate.swift; sourceTree = "<group>"; };
		02F63B7A1F8E3B1E00E40B73 /* ViewController.swift */ = {isa = PBXFileReference; lastKnownFileType = sourcecode.swift; path = ViewController.swift; sourceTree = "<group>"; };
		02F63B7D1F8E3B1E00E40B73 /* Base */ = {isa = PBXFileReference; lastKnownFileType = file.storyboard; name = Base; path = Base.lproj/Main.storyboard; sourceTree = "<group>"; };
		02F63B7F1F8E3B1E00E40B73 /* Assets.xcassets */ = {isa = PBXFileReference; lastKnownFileType = folder.assetcatalog; path = Assets.xcassets; sourceTree = "<group>"; };
		02F63B821F8E3B1E00E40B73 /* Base */ = {isa = PBXFileReference; lastKnownFileType = file.storyboard; name = Base; path = Base.lproj/LaunchScreen.storyboard; sourceTree = "<group>"; };
		02F63B841F8E3B1E00E40B73 /* Info.plist */ = {isa = PBXFileReference; lastKnownFileType = text.plist.xml; path = Info.plist; sourceTree = "<group>"; };
		02F63B891F8E3B1E00E40B73 /* LearningTests.xctest */ = {isa = PBXFileReference; explicitFileType = wrapper.cfbundle; includeInIndex = 0; path = LearningTests.xctest; sourceTree = BUILT_PRODUCTS_DIR; };
		02F63B8D1F8E3B1E00E40B73 /* LearningTests.swift */ = {isa = PBXFileReference; lastKnownFileType = sourcecode.swift; path = LearningTests.swift; sourceTree = "<group>"; };
		02F63B8F1F8E3B1E00E40B73 /* Info.plist */ = {isa = PBXFileReference; lastKnownFileType = text.plist.xml; path = Info.plist; sourceTree = "<group>"; };
		02F63B941F8E3B1E00E40B73 /* LearningUITests.xctest */ = {isa = PBXFileReference; explicitFileType = wrapper.cfbundle; includeInIndex = 0; path = LearningUITests.xctest; sourceTree = BUILT_PRODUCTS_DIR; };
		02F63B981F8E3B1E00E40B73 /* LearningUITests.swift */ = {isa = PBXFileReference; lastKnownFileType = sourcecode.swift; path = LearningUITests.swift; sourceTree = "<group>"; };
		02F63B9A1F8E3B1E00E40B73 /* Info.plist */ = {isa = PBXFileReference; lastKnownFileType = text.plist.xml; path = Info.plist; sourceTree = "<group>"; };
/* End PBXFileReference section */

/* Begin PBXFrameworksBuildPhase section */
		02F63B721F8E3B1E00E40B73 /* Frameworks */ = {
			isa = PBXFrameworksBuildPhase;
			buildActionMask = 2147483647;
			files = (
			);
			runOnlyForDeploymentPostprocessing = 0;
		};
		02F63B861F8E3B1E00E40B73 /* Frameworks */ = {
			isa = PBXFrameworksBuildPhase;
			buildActionMask = 2147483647;
			files = (
			);
			runOnlyForDeploymentPostprocessing = 0;
		};
		02F63B911F8E3B1E00E40B73 /* Frameworks */ = {
			isa = PBXFrameworksBuildPhase;
			buildActionMask = 2147483647;
			files = (
			);
			runOnlyForDeploymentPostprocessing = 0;
		};
/* End PBXFrameworksBuildPhase section */

/* Begin PBXGroup section */
		02F63B6C1F8E3B1D00E40B73 = {
			isa = PBXGroup;
			children = (
				02F63B771F8E3B1E00E40B73 /* Learning */,
				02F63B8C1F8E3B1E00E40B73 /* LearningTests */,
				02F63B971F8E3B1E00E40B73 /* LearningUITests */,
				02F63B761F8E3B1E00E40B73 /* Products */,
			);
			sourceTree = "<group>";
		};
		02F63B761F8E3B1E00E40B73 /* Products */ = {
			isa = PBXGroup;
			children = (
				02F63B751F8E3B1E00E40B73 /* Learning.app */,
				02F63B891F8E3B1E00E40B73 /* LearningTests.xctest */,
				02F63B941F8E3B1E00E40B73 /* LearningUITests.xctest */,
			);
			name = Products;
			sourceTree = "<group>";
		};
		02F63B771F8E3B1E00E40B73 /* Learning */ = {
			isa = PBXGroup;
			children = (
				02F63B781F8E3B1E00E40B73 /* AppDelegate.swift */,
				02F63B7A1F8E3B1E00E40B73 /* ViewController.swift */,
				02F63B7C1F8E3B1E00E40B73 /* Main.storyboard */,
				02F63B7F1F8E3B1E00E40B73 /* Assets.xcassets */,
				02F63B811F8E3B1E00E40B73 /* LaunchScreen.storyboard */,
				02F63B841F8E3B1E00E40B73 /* Info.plist */,
			);
			path = Learning;
			sourceTree = "<group>";
		};
		02F63B8C1F8E3B1E00E40B73 /* LearningTests */ = {
			isa = PBXGroup;
			children = (
				02F63B8D1F8E3B1E00E40B73 /* LearningTests.swift */,
				02F63B8F1F8E3B1E00E40B73 /* Info.plist */,
			);
			path = LearningTests;
			sourceTree = "<group>";
		};
		02F63B971F8E3B1E00E40B73 /* LearningUITests */ = {
			isa = PBXGroup;
			children = (
				02F63B981F8E3B1E00E40B73 /* LearningUITests.swift */,
				02F63B9A1F8E3B1E00E40B73 /* Info.plist */,
			);
			path = LearningUITests;
			sourceTree = "<group>";
		};
/* End PBXGroup section */

/* Begin PBXNativeTarget section */
		02F63B741F8E3B1E00E40B73 /* Learning */ = {
			isa = PBXNativeTarget;
			buildConfigurationList = 02F63B9D1F8E3B1E00E40B73 /* Build configuration list for PBXNativeTarget "Learning" */;
			buildPhases = (
				02F63B711F8E3B1E00E40B73 /* Sources */,
				02F63B721F8E3B1E00E40B73 /* Frameworks */,
				02F63B731F8E3B1E00E40B73 /* Resources */,
			);
			buildRules = (
			);
			dependencies = (
			);
			name = Learning;
			productName = Learning;
			productReference = 02F63B751F8E3B1E00E40B73 /* Learning.app */;
			productType = "com.apple.product-type.application";
		};
		02F63B881F8E3B1E00E40B73 /* LearningTests */ = {
			isa = PBXNativeTarget;
			buildConfigurationList = 02F63BA01F8E3B1E00E40B73 /* Build configuration list for PBXNativeTarget "LearningTests" */;
			buildPhases = (
				02F63B851F8E3B1E00E40B73 /* Sources */,
				02F63B861F8E3B1E00E40B73 /* Frameworks */,
				02F63B871F8E3B1E00E40B73 /* Resources */,
			);
			buildRules = (
			);
			dependencies = (
				02F63B8B1F8E3B1E00E40B73 /* PBXTargetDependency */,
			);
			name = LearningTests;
			productName = LearningTests;
			productReference = 02F63B891F8E3B1E00E40B73 /* LearningTests.xctest */;
			productType = "com.apple.product-type.bundle.unit-test";
		};
		02F63B931F8E3B1E00E40B73 /* LearningUITests */ = {
			isa = PBXNativeTarget;
			buildConfigurationList = 02F63BA31F8E3B1E00E40B73 /* Build configuration list for PBXNativeTarget "LearningUITests" */;
			buildPhases = (
				02F63B901F8E3B1E00E40B73 /* Sources */,
				02F63B911F8E3B1E00E40B73 /* Frameworks */,
				02F63B921F8E3B1E00E40B73 /* Resources */,
			);
			buildRules = (
			);
			dependencies = (
				02F63B961F8E3B1E00E40B73 /* PBXTargetDependency */,
			);
			name = LearningUITests;
			productName = LearningUITests;
			productReference = 02F63B941F8E3B1E00E40B73 /* LearningUITests.xctest */;
			productType = "com.apple.product-type.bundle.ui-testing";
		};
/* End PBXNativeTarget section */

/* Begin PBXProject section */
		02F63B6D1F8E3B1E00E40B73 /* Project object */ = {
			isa = PBXProject;
			attributes = {
				LastSwiftUpdateCheck = 0830;
				LastUpgradeCheck = 0830;
				ORGANIZATIONNAME = "Dan Huynh";
				TargetAttributes = {
					02F63B741F8E3B1E00E40B73 = {
						CreatedOnToolsVersion = 8.3.3;
						ProvisioningStyle = Automatic;
					};
					02F63B881F8E3B1E00E40B73 = {
						CreatedOnToolsVersion = 8.3.3;
						ProvisioningStyle = Automatic;
						TestTargetID = 02F63B741F8E3B1E00E40B73;
					};
					02F63B931F8E3B1E00E40B73 = {
						CreatedOnToolsVersion = 8.3.3;
						ProvisioningStyle = Automatic;
						TestTargetID = 02F63B741F8E3B1E00E40B73;
					};
				};
			};
			buildConfigurationList = 02F63B701F8E3B1E00E40B73 /* Build configuration list for PBXProject "Learning" */;
			compatibilityVersion = "Xcode 3.2";
			developmentRegion = English;
			hasScannedForEncodings = 0;
			knownRegions = (
				en,
				Base,
			);
			mainGroup = 02F63B6C1F8E3B1D00E40B73;
			productRefGroup = 02F63B761F8E3B1E00E40B73 /* Products */;
			projectDirPath = "";
			projectRoot = "";
			targets = (
				02F63B741F8E3B1E00E40B73 /* Learning */,
				02F63B881F8E3B1E00E40B73 /* LearningTests */,
				02F63B931F8E3B1E00E40B73 /* LearningUITests */,
			);
		};
/* End PBXProject section */

/* Begin PBXResourcesBuildPhase section */
		02F63B731F8E3B1E00E40B73 /* Resources */ = {
			isa = PBXResourcesBuildPhase;
			buildActionMask = 2147483647;
			files = (
				02F63B831F8E3B1E00E40B73 /* LaunchScreen.storyboard in Resources */,
				02F63B801F8E3B1E00E40B73 /* Assets.xcassets in Resources */,
				02F63B7E1F8E3B1E00E40B73 /* Main.storyboard in Resources */,
			);
			runOnlyForDeploymentPostprocessing = 0;
		};
		02F63B871F8E3B1E00E40B73 /* Resources */ = {
			isa = PBXResourcesBuildPhase;
			buildActionMask = 2147483647;
			files = (
			);
			runOnlyForDeploymentPostprocessing = 0;
		};
		02F63B921F8E3B1E00E40B73 /* Resources */ = {
			isa = PBXResourcesBuildPhase;
			buildActionMask = 2147483647;
			files = (
			);
			runOnlyForDeploymentPostprocessing = 0;
		};
/* End PBXResourcesBuildPhase section */

/* Begin PBXSourcesBuildPhase section */
		02F63B711F8E3B1E00E40B73 /* Sources */ = {
			isa = PBXSourcesBuildPhase;
			buildActionMask = 2147483647;
			files = (
				02F63B7B1F8E3B1E00E40B73 /* ViewController.swift in Sources */,
				02F63B791F8E3B1E00E40B73 /* AppDelegate.swift in Sources */,
			);
			runOnlyForDeploymentPostprocessing = 0;
		};
		02F63B851F8E3B1E00E40B73 /* Sources */ = {
			isa = PBXSourcesBuildPhase;
			buildActionMask = 2147483647;
			files = (
				02F63B8E1F8E3B1E00E40B73 /* LearningTests.swift in Sources */,
			);
			runOnlyForDeploymentPostprocessing = 0;
		};
		02F63B901F8E3B1E00E40B73 /* Sources */ = {
			isa = PBXSourcesBuildPhase;
			buildActionMask = 2147483647;
			files = (
				02F63B991F8E3B1E00E40B73 /* LearningUITests.swift in Sources */,
			);
			runOnlyForDeploymentPostprocessing = 0;
		};
/* End PBXSourcesBuildPhase section */

/* Begin PBXTargetDependency section */
		02F63B8B1F8E3B1E00E40B73 /* PBXTargetDependency */ = {
			isa = PBXTargetDependency;
			target = 02F63B741F8E3B1E00E40B73 /* Learning */;
			targetProxy = 02F63B8A1F8E3B1E00E40B73 /* PBXContainerItemProxy */;
		};
		02F63B961F8E3B1E00E40B73 /* PBXTargetDependency */ = {
			isa = PBXTargetDependency;
			target = 02F63B741F8E3B1E00E40B73 /* Learning */;
			targetProxy = 02F63B951F8E3B1E00E40B73 /* PBXContainerItemProxy */;
		};
/* End PBXTargetDependency section */

/* Begin PBXVariantGroup section */
		02F63B7C1F8E3B1E00E40B73 /* Main.storyboard */ = {
			isa = PBXVariantGroup;
			children = (
				02F63B7D1F8E3B1E00E40B73 /* Base */,
			);
			name = Main.storyboard;
			sourceTree = "<group>";
		};
		02F63B811F8E3B1E00E40B73 /* LaunchScreen.storyboard */ = {
			isa = PBXVariantGroup;
			children = (
				02F63B821F8E3B1E00E40B73 /* Base */,
			);
			name = LaunchScreen.storyboard;
			sourceTree = "<group>";
		};
/* End PBXVariantGroup section */

/* Begin XCBuildConfiguration section */
		02F63B9B1F8E3B1E00E40B73 /* Debug */ = {
			isa = XCBuildConfiguration;
			buildSettings = {
				ALWAYS_SEARCH_USER_PATHS = NO;
				CLANG_ANALYZER_NONNULL = YES;
				CLANG_ANALYZER_NUMBER_OBJECT_CONVERSION = YES_AGGRESSIVE;
				CLANG_CXX_LANGUAGE_STANDARD = "gnu++0x";
				CLANG_CXX_LIBRARY = "libc++";
				CLANG_ENABLE_MODULES = YES;
				CLANG_ENABLE_OBJC_ARC = YES;
				CLANG_WARN_BOOL_CONVERSION = YES;
				CLANG_WARN_CONSTANT_CONVERSION = YES;
				CLANG_WARN_DIRECT_OBJC_ISA_USAGE = YES_ERROR;
				CLANG_WARN_DOCUMENTATION_COMMENTS = YES;
				CLANG_WARN_EMPTY_BODY = YES;
				CLANG_WARN_ENUM_CONVERSION = YES;
				CLANG_WARN_INFINITE_RECURSION = YES;
				CLANG_WARN_INT_CONVERSION = YES;
				CLANG_WARN_OBJC_ROOT_CLASS = YES_ERROR;
				CLANG_WARN_SUSPICIOUS_MOVE = YES;
				CLANG_WARN_UNREACHABLE_CODE = YES;
				CLANG_WARN__DUPLICATE_METHOD_MATCH = YES;
				"CODE_SIGN_IDENTITY[sdk=iphoneos*]" = "iPhone Developer";
				COPY_PHASE_STRIP = NO;
				DEBUG_INFORMATION_FORMAT = dwarf;
				ENABLE_STRICT_OBJC_MSGSEND = YES;
				ENABLE_TESTABILITY = YES;
				GCC_C_LANGUAGE_STANDARD = gnu99;
				GCC_DYNAMIC_NO_PIC = NO;
				GCC_NO_COMMON_BLOCKS = YES;
				GCC_OPTIMIZATION_LEVEL = 0;
				GCC_PREPROCESSOR_DEFINITIONS = (
					"DEBUG=1",
					"$(inherited)",
				);
				GCC_WARN_64_TO_32_BIT_CONVERSION = YES;
				GCC_WARN_ABOUT_RETURN_TYPE = YES_ERROR;
				GCC_WARN_UNDECLARED_SELECTOR = YES;
				GCC_WARN_UNINITIALIZED_AUTOS = YES_AGGRESSIVE;
				GCC_WARN_UNUSED_FUNCTION = YES;
				GCC_WARN_UNUSED_VARIABLE = YES;
				IPHONEOS_DEPLOYMENT_TARGET = 10.3;
				MTL_ENABLE_DEBUG_INFO = YES;
				ONLY_ACTIVE_ARCH = YES;
				SDKROOT = iphoneos;
				SWIFT_ACTIVE_COMPILATION_CONDITIONS = DEBUG;
				SWIFT_OPTIMIZATION_LEVEL = "-Onone";
				TARGETED_DEVICE_FAMILY = "1,2";
			};
			name = Debug;
		};
		02F63B9C1F8E3B1E00E40B73 /* Release */ = {
			isa = XCBuildConfiguration;
			buildSettings = {
				ALWAYS_SEARCH_USER_PATHS = NO;
				CLANG_ANALYZER_NONNULL = YES;
				CLANG_ANALYZER_NUMBER_OBJECT_CONVERSION = YES_AGGRESSIVE;
				CLANG_CXX_LANGUAGE_STANDARD = "gnu++0x";
				CLANG_CXX_LIBRARY = "libc++";
				CLANG_ENABLE_MODULES = YES;
				CLANG_ENABLE_OBJC_ARC = YES;
				CLANG_WARN_BOOL_CONVERSION = YES;
				CLANG_WARN_CONSTANT_CONVERSION = YES;
				CLANG_WARN_DIRECT_OBJC_ISA_USAGE = YES_ERROR;
				CLANG_WARN_DOCUMENTATION_COMMENTS = YES;
				CLANG_WARN_EMPTY_BODY = YES;
				CLANG_WARN_ENUM_CONVERSION = YES;
				CLANG_WARN_INFINITE_RECURSION = YES;
				CLANG_WARN_INT_CONVERSION = YES;
				CLANG_WARN_OBJC_ROOT_CLASS = YES_ERROR;
				CLANG_WARN_SUSPICIOUS_MOVE = YES;
				CLANG_WARN_UNREACHABLE_CODE = YES;
				CLANG_WARN__DUPLICATE_METHOD_MATCH = YES;
				"CODE_SIGN_IDENTITY[sdk=iphoneos*]" = "iPhone Developer";
				COPY_PHASE_STRIP = NO;
				DEBUG_INFORMATION_FORMAT = "dwarf-with-dsym";
				ENABLE_NS_ASSERTIONS = NO;
				ENABLE_STRICT_OBJC_MSGSEND = YES;
				GCC_C_LANGUAGE_STANDARD = gnu99;
				GCC_NO_COMMON_BLOCKS = YES;
				GCC_WARN_64_TO_32_BIT_CONVERSION = YES;
				GCC_WARN_ABOUT_RETURN_TYPE = YES_ERROR;
				GCC_WARN_UNDECLARED_SELECTOR = YES;
				GCC_WARN_UNINITIALIZED_AUTOS = YES_AGGRESSIVE;
				GCC_WARN_UNUSED_FUNCTION = YES;
				GCC_WARN_UNUSED_VARIABLE = YES;
				IPHONEOS_DEPLOYMENT_TARGET = 10.3;
				MTL_ENABLE_DEBUG_INFO = NO;
				SDKROOT = iphoneos;
				SWIFT_OPTIMIZATION_LEVEL = "-Owholemodule";
				TARGETED_DEVICE_FAMILY = "1,2";
				VALIDATE_PRODUCT = YES;
			};
			name = Release;
		};
		02F63B9E1F8E3B1E00E40B73 /* Debug */ = {
			isa = XCBuildConfiguration;
			buildSettings = {
				ASSETCATALOG_COMPILER_APPICON_NAME = AppIcon;
				INFOPLIST_FILE = Learning/Info.plist;
				LD_RUNPATH_SEARCH_PATHS = "$(inherited) @executable_path/Frameworks";
				PRODUCT_BUNDLE_IDENTIFIER = DH.Learning;
				PRODUCT_NAME = "$(TARGET_NAME)";
				SWIFT_VERSION = 3.0;
			};
			name = Debug;
		};
		02F63B9F1F8E3B1E00E40B73 /* Release */ = {
			isa = XCBuildConfiguration;
			buildSettings = {
				ASSETCATALOG_COMPILER_APPICON_NAME = AppIcon;
				INFOPLIST_FILE = Learning/Info.plist;
				LD_RUNPATH_SEARCH_PATHS = "$(inherited) @executable_path/Frameworks";
				PRODUCT_BUNDLE_IDENTIFIER = DH.Learning;
				PRODUCT_NAME = "$(TARGET_NAME)";
				SWIFT_VERSION = 3.0;
			};
			name = Release;
		};
		02F63BA11F8E3B1E00E40B73 /* Debug */ = {
			isa = XCBuildConfiguration;
			buildSettings = {
				ALWAYS_EMBED_SWIFT_STANDARD_LIBRARIES = YES;
				BUNDLE_LOADER = "$(TEST_HOST)";
				INFOPLIST_FILE = LearningTests/Info.plist;
				LD_RUNPATH_SEARCH_PATHS = "$(inherited) @executable_path/Frameworks @loader_path/Frameworks";
				PRODUCT_BUNDLE_IDENTIFIER = DH.LearningTests;
				PRODUCT_NAME = "$(TARGET_NAME)";
				SWIFT_VERSION = 3.0;
				TEST_HOST = "$(BUILT_PRODUCTS_DIR)/Learning.app/Learning";
			};
			name = Debug;
		};
		02F63BA21F8E3B1E00E40B73 /* Release */ = {
			isa = XCBuildConfiguration;
			buildSettings = {
				ALWAYS_EMBED_SWIFT_STANDARD_LIBRARIES = YES;
				BUNDLE_LOADER = "$(TEST_HOST)";
				INFOPLIST_FILE = LearningTests/Info.plist;
				LD_RUNPATH_SEARCH_PATHS = "$(inherited) @executable_path/Frameworks @loader_path/Frameworks";
				PRODUCT_BUNDLE_IDENTIFIER = DH.LearningTests;
				PRODUCT_NAME = "$(TARGET_NAME)";
				SWIFT_VERSION = 3.0;
				TEST_HOST = "$(BUILT_PRODUCTS_DIR)/Learning.app/Learning";
			};
			name = Release;
		};
		02F63BA41F8E3B1E00E40B73 /* Debug */ = {
			isa = XCBuildConfiguration;
			buildSettings = {
				ALWAYS_EMBED_SWIFT_STANDARD_LIBRARIES = YES;
				INFOPLIST_FILE = LearningUITests/Info.plist;
				LD_RUNPATH_SEARCH_PATHS = "$(inherited) @executable_path/Frameworks @loader_path/Frameworks";
				PRODUCT_BUNDLE_IDENTIFIER = DH.LearningUITests;
				PRODUCT_NAME = "$(TARGET_NAME)";
				SWIFT_VERSION = 3.0;
				TEST_TARGET_NAME = Learning;
			};
			name = Debug;
		};
		02F63BA51F8E3B1E00E40B73 /* Release */ = {
			isa = XCBuildConfiguration;
			buildSettings = {
				ALWAYS_EMBED_SWIFT_STANDARD_LIBRARIES = YES;
				INFOPLIST_FILE = LearningUITests/Info.plist;
				LD_RUNPATH_SEARCH_PATHS = "$(inherited) @executable_path/Frameworks @loader_path/Frameworks";
				PRODUCT_BUNDLE_IDENTIFIER = DH.LearningUITests;
				PRODUCT_NAME = "$(TARGET_NAME)";
				SWIFT_VERSION = 3.0;
				TEST_TARGET_NAME = Learning;
			};
			name = Release;
		};
/* End XCBuildConfiguration section */

/* Begin XCConfigurationList section */
		02F63B701F8E3B1E00E40B73 /* Build configuration list for PBXProject "Learning" */ = {
			isa = XCConfigurationList;
			buildConfigurations = (
				02F63B9B1F8E3B1E00E40B73 /* Debug */,
				02F63B9C1F8E3B1E00E40B73 /* Release */,
			);
			defaultConfigurationIsVisible = 0;
			defaultConfigurationName = Release;
		};
		02F63B9D1F8E3B1E00E40B73 /* Build configuration list for PBXNativeTarget "Learning" */ = {
			isa = XCConfigurationList;
			buildConfigurations = (
				02F63B9E1F8E3B1E00E40B73 /* Debug */,
				02F63B9F1F8E3B1E00E40B73 /* Release */,
			);
			defaultConfigurationIsVisible = 0;
		};
		02F63BA01F8E3B1E00E40B73 /* Build configuration list for PBXNativeTarget "LearningTests" */ = {
			isa = XCConfigurationList;
			buildConfigurations = (
				02F63BA11F8E3B1E00E40B73 /* Debug */,
				02F63BA21F8E3B1E00E40B73 /* Release */,
			);
			defaultConfigurationIsVisible = 0;
		};
		02F63BA31F8E3B1E00E40B73 /* Build configuration list for PBXNativeTarget "LearningUITests" */ = {
			isa = XCConfigurationList;
			buildConfigurations = (
				02F63BA41F8E3B1E00E40B73 /* Debug */,
				02F63BA51F8E3B1E00E40B73 /* Release */,
			);
			defaultConfigurationIsVisible = 0;
		};
/* End XCConfigurationList section */
	};
	rootObject = 02F63B6D1F8E3B1E00E40B73 /* Project object */;
}
